
Microsoft Visual Studio Solution File, Format Version 12.00
# Visual Studio 14
VisualStudioVersion = 14.0.24720.0
MinimumVisualStudioVersion = 10.0.40219.1
Project("{8BC9CEB8-8B4A-11D0-8D11-00A0C91BC942}") = "wincsockServer", "wincsockServer\wincsockServer.vcxproj", "{33FD3401-C6E3-4EB1-98FC-D1F47488A76C}"
EndProject
Project("{8BC9CEB8-8B4A-11D0-8D11-00A0C91BC942}") = "winsockClient", "..\winsockClient\winsockClient.vcxproj", "{2701E0EA-B1DB-426D-BEAF-3F81564B5366}"
EndProject
Global
	GlobalSection(SolutionConfigurationPlatforms) = preSolution
		Debug|x64 = Debug|x64
		Debug|x86 = Debug|x86
		Release|x64 = Release|x64
		Release|x86 = Release|x86
	EndGlobalSection
	GlobalSection(ProjectConfigurationPlatforms) = postSolution
		{33FD3401-C6E3-4EB1-98FC-D1F47488A76C}.Debug|x64.ActiveCfg = Debug|x64
		{33FD3401-C6E3-4EB1-98FC-D1F47488A76C}.Debug|x64.Build.0 = Debug|x64
		{33FD3401-C6E3-4EB1-98FC-D1F47488A76C}.Debug|x86.ActiveCfg = Debug|Win32
		{33FD3401-C6E3-4EB1-98FC-D1F47488A76C}.Debug|x86.Build.0 = Debug|Win32
		{33FD3401-C6E3-4EB1-98FC-D1F47488A76C}.Release|x64.ActiveCfg = Release|x64
		{33FD3401-C6E3-4EB1-98FC-D1F47488A76C}.Release|x64.Build.0 = Release|x64
		{33FD3401-C6E3-4EB1-98FC-D1F47488A76C}.Release|x86.ActiveCfg = Release|Win32
		{33FD3401-C6E3-4EB1-98FC-D1F47488A76C}.Release|x86.Build.0 = Release|Win32
		{2701E0EA-B1DB-426D-BEAF-3F81564B5366}.Debug|x64.ActiveCfg = Debug|x64
		{2701E0EA-B1DB-426D-BEAF-3F81564B5366}.Debug|x64.Build.0 = Debug|x64
		{2701E0EA-B1DB-426D-BEAF-3F81564B5366}.Debug|x86.ActiveCfg = Debug|Win32
		{2701E0EA-B1DB-426D-BEAF-3F81564B5366}.Debug|x86.Build.0 = Debug|Win32
		{2701E0EA-B1DB-426D-BEAF-3F81564B5366}.Release|x64.ActiveCfg = Release|x64
		{2701E0EA-B1DB-426D-BEAF-3F81564B5366}.Release|x64.Build.0 = Release|x64
		{2701E0EA-B1DB-426D-BEAF-3F81564B5366}.Release|x86.ActiveCfg = Release|Win32
		{2701E0EA-B1DB-426D-BEAF-3F81564B5366}.Release|x86.Build.0 = Release|Win32
	EndGlobalSection
	GlobalSection(SolutionProperties) = preSolution
		HideSolutionNode = FALSE
	EndGlobalSection
EndGlobal
